
Microsoft Visual Studio Solution File, Format Version 12.00
# Visual Studio Version 16
VisualStudioVersion = 16.0.29613.14
MinimumVisualStudioVersion = 10.0.40219.1
Project("{9A19103F-16F7-4668-BE54-9A1E7A4F7556}") = "DiffApi", "DiffApi.csproj", "{F4728068-D5ED-40D3-BB36-69F5857660DE}"
EndProject
Global
	GlobalSection(SolutionConfigurationPlatforms) = preSolution
		Debug|Any CPU = Debug|Any CPU
		Release|Any CPU = Release|Any CPU
	EndGlobalSection
	GlobalSection(ProjectConfigurationPlatforms) = postSolution
		{F4728068-D5ED-40D3-BB36-69F5857660DE}.Debug|Any CPU.ActiveCfg = Debug|Any CPU
		{F4728068-D5ED-40D3-BB36-69F5857660DE}.Debug|Any CPU.Build.0 = Debug|Any CPU
		{F4728068-D5ED-40D3-BB36-69F5857660DE}.Release|Any CPU.ActiveCfg = Release|Any CPU
		{F4728068-D5ED-40D3-BB36-69F5857660DE}.Release|Any CPU.Build.0 = Release|Any CPU
	EndGlobalSection
	GlobalSection(SolutionProperties) = preSolution
		HideSolutionNode = FALSE
	EndGlobalSection
	GlobalSection(ExtensibilityGlobals) = postSolution
		SolutionGuid = {5B1AC573-B38F-4A2D-A9D1-5E45BDD7A23B}
	EndGlobalSection
EndGlobal
