
Microsoft Visual Studio Solution File, Format Version 12.00
# Visual Studio Version 16
VisualStudioVersion = 16.0.29613.14
MinimumVisualStudioVersion = 10.0.40219.1
Project("{FAE04EC0-301F-11D3-BF4B-00C04F79EFBC}") = "DiffAPI", "DiffAPI\DiffAPI.csproj", "{C6B9EF71-89D0-41CD-8808-6D65A0AFBE14}"
EndProject
Global
	GlobalSection(SolutionConfigurationPlatforms) = preSolution
		Debug|Any CPU = Debug|Any CPU
		Release|Any CPU = Release|Any CPU
	EndGlobalSection
	GlobalSection(ProjectConfigurationPlatforms) = postSolution
		{C6B9EF71-89D0-41CD-8808-6D65A0AFBE14}.Debug|Any CPU.ActiveCfg = Debug|Any CPU
		{C6B9EF71-89D0-41CD-8808-6D65A0AFBE14}.Debug|Any CPU.Build.0 = Debug|Any CPU
		{C6B9EF71-89D0-41CD-8808-6D65A0AFBE14}.Release|Any CPU.ActiveCfg = Release|Any CPU
		{C6B9EF71-89D0-41CD-8808-6D65A0AFBE14}.Release|Any CPU.Build.0 = Release|Any CPU
	EndGlobalSection
	GlobalSection(SolutionProperties) = preSolution
		HideSolutionNode = FALSE
	EndGlobalSection
	GlobalSection(ExtensibilityGlobals) = postSolution
		SolutionGuid = {E4BF9A36-8F39-4C51-9FFD-79DB5BC6277D}
	EndGlobalSection
EndGlobal
